{
  "name": "FiniteStates",
  "lockfileVersion": 2,
  "requires": true,
  "packages": {
    "": {
      "dependencies": {
        "@shailpatels/fss": "^1.0.4"
      }
    },
    "node_modules/@shailpatels/fss": {
      "version": "1.0.4",
      "resolved": "https://registry.npmjs.org/@shailpatels/fss/-/fss-1.0.4.tgz",
      "integrity": "sha512-WiabztYqHmUBkgp0idvJuE0o4sN7k0UDCaUaDZebiH72v2gmAaWgMkKrYIw4OacccRQt8wsG2IddLzovnsK8IQ=="
    }
  },
  "dependencies": {
    "@shailpatels/fss": {
      "version": "1.0.4",
      "resolved": "https://registry.npmjs.org/@shailpatels/fss/-/fss-1.0.4.tgz",
      "integrity": "sha512-WiabztYqHmUBkgp0idvJuE0o4sN7k0UDCaUaDZebiH72v2gmAaWgMkKrYIw4OacccRQt8wsG2IddLzovnsK8IQ=="
    }
  }
}
