{
  "name": "FiniteStates",
  "lockfileVersion": 2,
  "requires": true,
  "packages": {
    "": {
      "dependencies": {
        "@shailpatels/fss": "^1.0.5"
      }
    },
    "node_modules/@shailpatels/fss": {
      "version": "1.0.5",
      "resolved": "https://registry.npmjs.org/@shailpatels/fss/-/fss-1.0.5.tgz",
      "integrity": "sha512-pjTsfT1CMHcp0UPWzjpuYwueACx5fqUkKpgIy1+i316SFCW6hlCw5AaLXn08FZYYf6+2XEno92OThisqm7CVBw=="
    }
  },
  "dependencies": {
    "@shailpatels/fss": {
      "version": "1.0.5",
      "resolved": "https://registry.npmjs.org/@shailpatels/fss/-/fss-1.0.5.tgz",
      "integrity": "sha512-pjTsfT1CMHcp0UPWzjpuYwueACx5fqUkKpgIy1+i316SFCW6hlCw5AaLXn08FZYYf6+2XEno92OThisqm7CVBw=="
    }
  }
}
